
Microsoft Visual Studio Solution File, Format Version 12.00
# Visual Studio Version 17
VisualStudioVersion = 17.2.32526.322
MinimumVisualStudioVersion = 10.0.40219.1
Project("{FAE04EC0-301F-11D3-BF4B-00C04F79EFBC}") = "PomiaryEsp32", "PomiaryEsp32\PomiaryEsp32.csproj", "{8284BE35-9A74-4529-AF75-FC9F8C07C047}"
EndProject
Global
	GlobalSection(SolutionConfigurationPlatforms) = preSolution
		Debug|Any CPU = Debug|Any CPU
		Release|Any CPU = Release|Any CPU
	EndGlobalSection
	GlobalSection(ProjectConfigurationPlatforms) = postSolution
		{8284BE35-9A74-4529-AF75-FC9F8C07C047}.Debug|Any CPU.ActiveCfg = Debug|Any CPU
		{8284BE35-9A74-4529-AF75-FC9F8C07C047}.Debug|Any CPU.Build.0 = Debug|Any CPU
		{8284BE35-9A74-4529-AF75-FC9F8C07C047}.Release|Any CPU.ActiveCfg = Release|Any CPU
		{8284BE35-9A74-4529-AF75-FC9F8C07C047}.Release|Any CPU.Build.0 = Release|Any CPU
	EndGlobalSection
	GlobalSection(SolutionProperties) = preSolution
		HideSolutionNode = FALSE
	EndGlobalSection
	GlobalSection(ExtensibilityGlobals) = postSolution
		SolutionGuid = {C80A6F90-8DDB-412B-BD36-43E824500955}
	EndGlobalSection
EndGlobal
